
Microsoft Visual Studio Solution File, Format Version 12.00
# Visual Studio 15
VisualStudioVersion = 15.0.28307.168
MinimumVisualStudioVersion = 10.0.40219.1
Project("{9A19103F-16F7-4668-BE54-9A1E7A4F7556}") = "ENetCore", "EnetCore\ENetCore.csproj", "{83E23C37-7A6C-42E9-A50F-ABE3A5D60285}"
EndProject
Project("{9A19103F-16F7-4668-BE54-9A1E7A4F7556}") = "ENetCoreTest", "ENetTest\ENetCoreTest.csproj", "{3D0B0818-9D64-4500-B392-681BE202971A}"
EndProject
Project("{9A19103F-16F7-4668-BE54-9A1E7A4F7556}") = "ENetCoreBenchmark", "ENetCoreBenchmark\ENetCoreBenchmark.csproj", "{8543592E-B4D2-4A57-960B-7DD9145762F3}"
EndProject
Global
	GlobalSection(SolutionConfigurationPlatforms) = preSolution
		Debug|Any CPU = Debug|Any CPU
		Release|Any CPU = Release|Any CPU
	EndGlobalSection
	GlobalSection(ProjectConfigurationPlatforms) = postSolution
		{83E23C37-7A6C-42E9-A50F-ABE3A5D60285}.Debug|Any CPU.ActiveCfg = Debug|Any CPU
		{83E23C37-7A6C-42E9-A50F-ABE3A5D60285}.Debug|Any CPU.Build.0 = Debug|Any CPU
		{83E23C37-7A6C-42E9-A50F-ABE3A5D60285}.Release|Any CPU.ActiveCfg = Release|Any CPU
		{83E23C37-7A6C-42E9-A50F-ABE3A5D60285}.Release|Any CPU.Build.0 = Release|Any CPU
		{3D0B0818-9D64-4500-B392-681BE202971A}.Debug|Any CPU.ActiveCfg = Debug|Any CPU
		{3D0B0818-9D64-4500-B392-681BE202971A}.Debug|Any CPU.Build.0 = Debug|Any CPU
		{3D0B0818-9D64-4500-B392-681BE202971A}.Release|Any CPU.ActiveCfg = Release|Any CPU
		{3D0B0818-9D64-4500-B392-681BE202971A}.Release|Any CPU.Build.0 = Release|Any CPU
		{8543592E-B4D2-4A57-960B-7DD9145762F3}.Debug|Any CPU.ActiveCfg = Debug|Any CPU
		{8543592E-B4D2-4A57-960B-7DD9145762F3}.Debug|Any CPU.Build.0 = Debug|Any CPU
		{8543592E-B4D2-4A57-960B-7DD9145762F3}.Release|Any CPU.ActiveCfg = Release|Any CPU
		{8543592E-B4D2-4A57-960B-7DD9145762F3}.Release|Any CPU.Build.0 = Release|Any CPU
	EndGlobalSection
	GlobalSection(SolutionProperties) = preSolution
		HideSolutionNode = FALSE
	EndGlobalSection
	GlobalSection(ExtensibilityGlobals) = postSolution
		SolutionGuid = {EF74FAE1-C9A3-4AE5-AEA0-4A2533A2DAB9}
	EndGlobalSection
EndGlobal
